
Microsoft Visual Studio Solution File, Format Version 12.00
# Visual Studio Version 17
VisualStudioVersion = 17.4.33122.133
MinimumVisualStudioVersion = 10.0.40219.1
Project("{FAE04EC0-301F-11D3-BF4B-00C04F79EFBC}") = "cursor-extravaganza", "cursor-extravaganza\cursor-extravaganza.csproj", "{C1FC579F-0653-4578-9BF8-80E054762DB3}"
EndProject
Global
	GlobalSection(SolutionConfigurationPlatforms) = preSolution
		Debug|Any CPU = Debug|Any CPU
		Release|Any CPU = Release|Any CPU
	EndGlobalSection
	GlobalSection(ProjectConfigurationPlatforms) = postSolution
		{C1FC579F-0653-4578-9BF8-80E054762DB3}.Debug|Any CPU.ActiveCfg = Debug|Any CPU
		{C1FC579F-0653-4578-9BF8-80E054762DB3}.Debug|Any CPU.Build.0 = Debug|Any CPU
		{C1FC579F-0653-4578-9BF8-80E054762DB3}.Release|Any CPU.ActiveCfg = Release|Any CPU
		{C1FC579F-0653-4578-9BF8-80E054762DB3}.Release|Any CPU.Build.0 = Release|Any CPU
	EndGlobalSection
	GlobalSection(SolutionProperties) = preSolution
		HideSolutionNode = FALSE
	EndGlobalSection
	GlobalSection(ExtensibilityGlobals) = postSolution
		SolutionGuid = {7F70469D-A3C7-4D8D-A567-85FF8862D008}
	EndGlobalSection
EndGlobal
